
Microsoft Visual Studio Solution File, Format Version 12.00
# Visual Studio Version 17
VisualStudioVersion = 17.10.34916.146
MinimumVisualStudioVersion = 10.0.40219.1
Project("{FAE04EC0-301F-11D3-BF4B-00C04F79EFBC}") = "WindowsFormsApp1", "WindowsFormsApp1\WindowsFormsApp1.csproj", "{7528D75F-1C53-4ACF-83A1-4206989A8B61}"
EndProject
Global
	GlobalSection(SolutionConfigurationPlatforms) = preSolution
		Debug|Any CPU = Debug|Any CPU
		Release|Any CPU = Release|Any CPU
	EndGlobalSection
	GlobalSection(ProjectConfigurationPlatforms) = postSolution
		{7528D75F-1C53-4ACF-83A1-4206989A8B61}.Debug|Any CPU.ActiveCfg = Debug|Any CPU
		{7528D75F-1C53-4ACF-83A1-4206989A8B61}.Debug|Any CPU.Build.0 = Debug|Any CPU
		{7528D75F-1C53-4ACF-83A1-4206989A8B61}.Release|Any CPU.ActiveCfg = Release|Any CPU
		{7528D75F-1C53-4ACF-83A1-4206989A8B61}.Release|Any CPU.Build.0 = Release|Any CPU
	EndGlobalSection
	GlobalSection(SolutionProperties) = preSolution
		HideSolutionNode = FALSE
	EndGlobalSection
	GlobalSection(ExtensibilityGlobals) = postSolution
		SolutionGuid = {5C0BC859-0390-4ED0-A90F-C94946F70803}
	EndGlobalSection
EndGlobal
